
Microsoft Visual Studio Solution File, Format Version 12.00
# Visual Studio Version 16
VisualStudioVersion = 16.0.31911.196
MinimumVisualStudioVersion = 10.0.40219.1
Project("{FAE04EC0-301F-11D3-BF4B-00C04F79EFBC}") = "WordleHelper", "WordleHelper.csproj", "{B3CC5A63-A1D3-4052-A0CD-82C7F00E6B05}"
EndProject
Global
	GlobalSection(SolutionConfigurationPlatforms) = preSolution
		Debug|Any CPU = Debug|Any CPU
		Release|Any CPU = Release|Any CPU
	EndGlobalSection
	GlobalSection(ProjectConfigurationPlatforms) = postSolution
		{B3CC5A63-A1D3-4052-A0CD-82C7F00E6B05}.Debug|Any CPU.ActiveCfg = Debug|Any CPU
		{B3CC5A63-A1D3-4052-A0CD-82C7F00E6B05}.Debug|Any CPU.Build.0 = Debug|Any CPU
		{B3CC5A63-A1D3-4052-A0CD-82C7F00E6B05}.Release|Any CPU.ActiveCfg = Release|Any CPU
		{B3CC5A63-A1D3-4052-A0CD-82C7F00E6B05}.Release|Any CPU.Build.0 = Release|Any CPU
	EndGlobalSection
	GlobalSection(SolutionProperties) = preSolution
		HideSolutionNode = FALSE
	EndGlobalSection
	GlobalSection(ExtensibilityGlobals) = postSolution
		SolutionGuid = {A3FC01CF-CAB2-42F3-BB5D-14A3C4DDF136}
	EndGlobalSection
EndGlobal
